
Microsoft Visual Studio Solution File, Format Version 12.00
# Visual Studio Version 16
VisualStudioVersion = 16.0.32413.511
MinimumVisualStudioVersion = 10.0.40219.1
Project("{8BC9CEB8-8B4A-11D0-8D11-00A0C91BC942}") = "leetcode-76", "leetcode-76.vcxproj", "{3C8C9587-FA3E-44FB-9CD5-193D66E33E6E}"
EndProject
Global
	GlobalSection(SolutionConfigurationPlatforms) = preSolution
		Debug|x64 = Debug|x64
		Debug|x86 = Debug|x86
		Release|x64 = Release|x64
		Release|x86 = Release|x86
	EndGlobalSection
	GlobalSection(ProjectConfigurationPlatforms) = postSolution
		{3C8C9587-FA3E-44FB-9CD5-193D66E33E6E}.Debug|x64.ActiveCfg = Debug|x64
		{3C8C9587-FA3E-44FB-9CD5-193D66E33E6E}.Debug|x64.Build.0 = Debug|x64
		{3C8C9587-FA3E-44FB-9CD5-193D66E33E6E}.Debug|x86.ActiveCfg = Debug|Win32
		{3C8C9587-FA3E-44FB-9CD5-193D66E33E6E}.Debug|x86.Build.0 = Debug|Win32
		{3C8C9587-FA3E-44FB-9CD5-193D66E33E6E}.Release|x64.ActiveCfg = Release|x64
		{3C8C9587-FA3E-44FB-9CD5-193D66E33E6E}.Release|x64.Build.0 = Release|x64
		{3C8C9587-FA3E-44FB-9CD5-193D66E33E6E}.Release|x86.ActiveCfg = Release|Win32
		{3C8C9587-FA3E-44FB-9CD5-193D66E33E6E}.Release|x86.Build.0 = Release|Win32
	EndGlobalSection
	GlobalSection(SolutionProperties) = preSolution
		HideSolutionNode = FALSE
	EndGlobalSection
	GlobalSection(ExtensibilityGlobals) = postSolution
		SolutionGuid = {B790E5B1-5676-43A7-A949-29DBE50ACAE4}
	EndGlobalSection
EndGlobal
