
Microsoft Visual Studio Solution File, Format Version 12.00
# Visual Studio Version 16
VisualStudioVersion = 16.0.32106.194
MinimumVisualStudioVersion = 10.0.40219.1
Project("{8BC9CEB8-8B4A-11D0-8D11-00A0C91BC942}") = "swea-1798", "swea-1798.vcxproj", "{6E039844-9E24-44E3-918D-D494454F3099}"
EndProject
Global
	GlobalSection(SolutionConfigurationPlatforms) = preSolution
		Debug|x64 = Debug|x64
		Debug|x86 = Debug|x86
		Release|x64 = Release|x64
		Release|x86 = Release|x86
	EndGlobalSection
	GlobalSection(ProjectConfigurationPlatforms) = postSolution
		{6E039844-9E24-44E3-918D-D494454F3099}.Debug|x64.ActiveCfg = Debug|x64
		{6E039844-9E24-44E3-918D-D494454F3099}.Debug|x64.Build.0 = Debug|x64
		{6E039844-9E24-44E3-918D-D494454F3099}.Debug|x86.ActiveCfg = Debug|Win32
		{6E039844-9E24-44E3-918D-D494454F3099}.Debug|x86.Build.0 = Debug|Win32
		{6E039844-9E24-44E3-918D-D494454F3099}.Release|x64.ActiveCfg = Release|x64
		{6E039844-9E24-44E3-918D-D494454F3099}.Release|x64.Build.0 = Release|x64
		{6E039844-9E24-44E3-918D-D494454F3099}.Release|x86.ActiveCfg = Release|Win32
		{6E039844-9E24-44E3-918D-D494454F3099}.Release|x86.Build.0 = Release|Win32
	EndGlobalSection
	GlobalSection(SolutionProperties) = preSolution
		HideSolutionNode = FALSE
	EndGlobalSection
	GlobalSection(ExtensibilityGlobals) = postSolution
		SolutionGuid = {737308AF-1D13-4785-9B95-19F4B0559F76}
	EndGlobalSection
EndGlobal
