
Microsoft Visual Studio Solution File, Format Version 12.00
# Visual Studio Version 16
VisualStudioVersion = 16.0.32126.315
MinimumVisualStudioVersion = 10.0.40219.1
Project("{8BC9CEB8-8B4A-11D0-8D11-00A0C91BC942}") = "08_LCA_1_dp", "08_LCA_1_dp.vcxproj", "{D6B00DDB-E8D2-4FD5-891F-8B430F4F6DFC}"
EndProject
Global
	GlobalSection(SolutionConfigurationPlatforms) = preSolution
		Debug|x64 = Debug|x64
		Debug|x86 = Debug|x86
		Release|x64 = Release|x64
		Release|x86 = Release|x86
	EndGlobalSection
	GlobalSection(ProjectConfigurationPlatforms) = postSolution
		{D6B00DDB-E8D2-4FD5-891F-8B430F4F6DFC}.Debug|x64.ActiveCfg = Debug|x64
		{D6B00DDB-E8D2-4FD5-891F-8B430F4F6DFC}.Debug|x64.Build.0 = Debug|x64
		{D6B00DDB-E8D2-4FD5-891F-8B430F4F6DFC}.Debug|x86.ActiveCfg = Debug|Win32
		{D6B00DDB-E8D2-4FD5-891F-8B430F4F6DFC}.Debug|x86.Build.0 = Debug|Win32
		{D6B00DDB-E8D2-4FD5-891F-8B430F4F6DFC}.Release|x64.ActiveCfg = Release|x64
		{D6B00DDB-E8D2-4FD5-891F-8B430F4F6DFC}.Release|x64.Build.0 = Release|x64
		{D6B00DDB-E8D2-4FD5-891F-8B430F4F6DFC}.Release|x86.ActiveCfg = Release|Win32
		{D6B00DDB-E8D2-4FD5-891F-8B430F4F6DFC}.Release|x86.Build.0 = Release|Win32
	EndGlobalSection
	GlobalSection(SolutionProperties) = preSolution
		HideSolutionNode = FALSE
	EndGlobalSection
	GlobalSection(ExtensibilityGlobals) = postSolution
		SolutionGuid = {E02C0874-2CED-4CCE-8AA0-491F105F930D}
	EndGlobalSection
EndGlobal
