
Microsoft Visual Studio Solution File, Format Version 12.00
# Visual Studio Version 16
VisualStudioVersion = 16.0.32630.194
MinimumVisualStudioVersion = 10.0.40219.1
Project("{8BC9CEB8-8B4A-11D0-8D11-00A0C91BC942}") = "leetcode-429", "leetcode-429.vcxproj", "{BA52C1C7-9D18-41EA-AEAC-A887A0E2F557}"
EndProject
Global
	GlobalSection(SolutionConfigurationPlatforms) = preSolution
		Debug|x64 = Debug|x64
		Debug|x86 = Debug|x86
		Release|x64 = Release|x64
		Release|x86 = Release|x86
	EndGlobalSection
	GlobalSection(ProjectConfigurationPlatforms) = postSolution
		{BA52C1C7-9D18-41EA-AEAC-A887A0E2F557}.Debug|x64.ActiveCfg = Debug|x64
		{BA52C1C7-9D18-41EA-AEAC-A887A0E2F557}.Debug|x64.Build.0 = Debug|x64
		{BA52C1C7-9D18-41EA-AEAC-A887A0E2F557}.Debug|x86.ActiveCfg = Debug|Win32
		{BA52C1C7-9D18-41EA-AEAC-A887A0E2F557}.Debug|x86.Build.0 = Debug|Win32
		{BA52C1C7-9D18-41EA-AEAC-A887A0E2F557}.Release|x64.ActiveCfg = Release|x64
		{BA52C1C7-9D18-41EA-AEAC-A887A0E2F557}.Release|x64.Build.0 = Release|x64
		{BA52C1C7-9D18-41EA-AEAC-A887A0E2F557}.Release|x86.ActiveCfg = Release|Win32
		{BA52C1C7-9D18-41EA-AEAC-A887A0E2F557}.Release|x86.Build.0 = Release|Win32
	EndGlobalSection
	GlobalSection(SolutionProperties) = preSolution
		HideSolutionNode = FALSE
	EndGlobalSection
	GlobalSection(ExtensibilityGlobals) = postSolution
		SolutionGuid = {04E4AAE7-193F-4ACB-BB5F-E59C0CE7C764}
	EndGlobalSection
EndGlobal
