
Microsoft Visual Studio Solution File, Format Version 12.00
# Visual Studio Version 16
VisualStudioVersion = 16.0.32126.315
MinimumVisualStudioVersion = 10.0.40219.1
Project("{8BC9CEB8-8B4A-11D0-8D11-00A0C91BC942}") = "swea-2112", "swea-2112.vcxproj", "{88CA83E8-F06D-484B-98FA-AB31FF732B47}"
EndProject
Global
	GlobalSection(SolutionConfigurationPlatforms) = preSolution
		Debug|x64 = Debug|x64
		Debug|x86 = Debug|x86
		Release|x64 = Release|x64
		Release|x86 = Release|x86
	EndGlobalSection
	GlobalSection(ProjectConfigurationPlatforms) = postSolution
		{88CA83E8-F06D-484B-98FA-AB31FF732B47}.Debug|x64.ActiveCfg = Debug|x64
		{88CA83E8-F06D-484B-98FA-AB31FF732B47}.Debug|x64.Build.0 = Debug|x64
		{88CA83E8-F06D-484B-98FA-AB31FF732B47}.Debug|x86.ActiveCfg = Debug|Win32
		{88CA83E8-F06D-484B-98FA-AB31FF732B47}.Debug|x86.Build.0 = Debug|Win32
		{88CA83E8-F06D-484B-98FA-AB31FF732B47}.Release|x64.ActiveCfg = Release|x64
		{88CA83E8-F06D-484B-98FA-AB31FF732B47}.Release|x64.Build.0 = Release|x64
		{88CA83E8-F06D-484B-98FA-AB31FF732B47}.Release|x86.ActiveCfg = Release|Win32
		{88CA83E8-F06D-484B-98FA-AB31FF732B47}.Release|x86.Build.0 = Release|Win32
	EndGlobalSection
	GlobalSection(SolutionProperties) = preSolution
		HideSolutionNode = FALSE
	EndGlobalSection
	GlobalSection(ExtensibilityGlobals) = postSolution
		SolutionGuid = {86D63FC7-6186-4F34-B029-267F14AF5544}
	EndGlobalSection
EndGlobal
