
Microsoft Visual Studio Solution File, Format Version 12.00
# Visual Studio Version 16
VisualStudioVersion = 16.0.32413.511
MinimumVisualStudioVersion = 10.0.40219.1
Project("{8BC9CEB8-8B4A-11D0-8D11-00A0C91BC942}") = "boj-1920", "boj-1920.vcxproj", "{49649A36-9A10-433F-8EA1-8CA8F5230593}"
EndProject
Global
	GlobalSection(SolutionConfigurationPlatforms) = preSolution
		Debug|x64 = Debug|x64
		Debug|x86 = Debug|x86
		Release|x64 = Release|x64
		Release|x86 = Release|x86
	EndGlobalSection
	GlobalSection(ProjectConfigurationPlatforms) = postSolution
		{49649A36-9A10-433F-8EA1-8CA8F5230593}.Debug|x64.ActiveCfg = Debug|x64
		{49649A36-9A10-433F-8EA1-8CA8F5230593}.Debug|x64.Build.0 = Debug|x64
		{49649A36-9A10-433F-8EA1-8CA8F5230593}.Debug|x86.ActiveCfg = Debug|Win32
		{49649A36-9A10-433F-8EA1-8CA8F5230593}.Debug|x86.Build.0 = Debug|Win32
		{49649A36-9A10-433F-8EA1-8CA8F5230593}.Release|x64.ActiveCfg = Release|x64
		{49649A36-9A10-433F-8EA1-8CA8F5230593}.Release|x64.Build.0 = Release|x64
		{49649A36-9A10-433F-8EA1-8CA8F5230593}.Release|x86.ActiveCfg = Release|Win32
		{49649A36-9A10-433F-8EA1-8CA8F5230593}.Release|x86.Build.0 = Release|Win32
	EndGlobalSection
	GlobalSection(SolutionProperties) = preSolution
		HideSolutionNode = FALSE
	EndGlobalSection
	GlobalSection(ExtensibilityGlobals) = postSolution
		SolutionGuid = {3B4CD60A-C080-4D55-AB22-FD49CCF7DED8}
	EndGlobalSection
EndGlobal
