
Microsoft Visual Studio Solution File, Format Version 12.00
# Visual Studio Version 16
VisualStudioVersion = 16.0.32413.511
MinimumVisualStudioVersion = 10.0.40219.1
Project("{8BC9CEB8-8B4A-11D0-8D11-00A0C91BC942}") = "boj-5525", "boj-5525.vcxproj", "{5DA99E85-69EC-48EF-93D8-5833C4D68BA5}"
EndProject
Global
	GlobalSection(SolutionConfigurationPlatforms) = preSolution
		Debug|x64 = Debug|x64
		Debug|x86 = Debug|x86
		Release|x64 = Release|x64
		Release|x86 = Release|x86
	EndGlobalSection
	GlobalSection(ProjectConfigurationPlatforms) = postSolution
		{5DA99E85-69EC-48EF-93D8-5833C4D68BA5}.Debug|x64.ActiveCfg = Debug|x64
		{5DA99E85-69EC-48EF-93D8-5833C4D68BA5}.Debug|x64.Build.0 = Debug|x64
		{5DA99E85-69EC-48EF-93D8-5833C4D68BA5}.Debug|x86.ActiveCfg = Debug|Win32
		{5DA99E85-69EC-48EF-93D8-5833C4D68BA5}.Debug|x86.Build.0 = Debug|Win32
		{5DA99E85-69EC-48EF-93D8-5833C4D68BA5}.Release|x64.ActiveCfg = Release|x64
		{5DA99E85-69EC-48EF-93D8-5833C4D68BA5}.Release|x64.Build.0 = Release|x64
		{5DA99E85-69EC-48EF-93D8-5833C4D68BA5}.Release|x86.ActiveCfg = Release|Win32
		{5DA99E85-69EC-48EF-93D8-5833C4D68BA5}.Release|x86.Build.0 = Release|Win32
	EndGlobalSection
	GlobalSection(SolutionProperties) = preSolution
		HideSolutionNode = FALSE
	EndGlobalSection
	GlobalSection(ExtensibilityGlobals) = postSolution
		SolutionGuid = {AD759A25-894D-412A-9B05-6C9135460F1F}
	EndGlobalSection
EndGlobal
