
Microsoft Visual Studio Solution File, Format Version 12.00
# Visual Studio Version 16
VisualStudioVersion = 16.0.32630.194
MinimumVisualStudioVersion = 10.0.40219.1
Project("{8BC9CEB8-8B4A-11D0-8D11-00A0C91BC942}") = "leetcode-2007", "leetcode-2007.vcxproj", "{CE2BCDE7-307A-497D-9FFB-173B1E4257EB}"
EndProject
Global
	GlobalSection(SolutionConfigurationPlatforms) = preSolution
		Debug|x64 = Debug|x64
		Debug|x86 = Debug|x86
		Release|x64 = Release|x64
		Release|x86 = Release|x86
	EndGlobalSection
	GlobalSection(ProjectConfigurationPlatforms) = postSolution
		{CE2BCDE7-307A-497D-9FFB-173B1E4257EB}.Debug|x64.ActiveCfg = Debug|x64
		{CE2BCDE7-307A-497D-9FFB-173B1E4257EB}.Debug|x64.Build.0 = Debug|x64
		{CE2BCDE7-307A-497D-9FFB-173B1E4257EB}.Debug|x86.ActiveCfg = Debug|Win32
		{CE2BCDE7-307A-497D-9FFB-173B1E4257EB}.Debug|x86.Build.0 = Debug|Win32
		{CE2BCDE7-307A-497D-9FFB-173B1E4257EB}.Release|x64.ActiveCfg = Release|x64
		{CE2BCDE7-307A-497D-9FFB-173B1E4257EB}.Release|x64.Build.0 = Release|x64
		{CE2BCDE7-307A-497D-9FFB-173B1E4257EB}.Release|x86.ActiveCfg = Release|Win32
		{CE2BCDE7-307A-497D-9FFB-173B1E4257EB}.Release|x86.Build.0 = Release|Win32
	EndGlobalSection
	GlobalSection(SolutionProperties) = preSolution
		HideSolutionNode = FALSE
	EndGlobalSection
	GlobalSection(ExtensibilityGlobals) = postSolution
		SolutionGuid = {36D70FF6-1104-4916-8DB1-D394763130E3}
	EndGlobalSection
EndGlobal
