
Microsoft Visual Studio Solution File, Format Version 12.00
# Visual Studio Version 16
VisualStudioVersion = 16.0.32413.511
MinimumVisualStudioVersion = 10.0.40219.1
Project("{8BC9CEB8-8B4A-11D0-8D11-00A0C91BC942}") = "06_condition_variables", "06_condition_variables.vcxproj", "{E9390264-DEE1-49B0-857E-AAD165DED70C}"
EndProject
Global
	GlobalSection(SolutionConfigurationPlatforms) = preSolution
		Debug|x64 = Debug|x64
		Debug|x86 = Debug|x86
		Release|x64 = Release|x64
		Release|x86 = Release|x86
	EndGlobalSection
	GlobalSection(ProjectConfigurationPlatforms) = postSolution
		{E9390264-DEE1-49B0-857E-AAD165DED70C}.Debug|x64.ActiveCfg = Debug|x64
		{E9390264-DEE1-49B0-857E-AAD165DED70C}.Debug|x64.Build.0 = Debug|x64
		{E9390264-DEE1-49B0-857E-AAD165DED70C}.Debug|x86.ActiveCfg = Debug|Win32
		{E9390264-DEE1-49B0-857E-AAD165DED70C}.Debug|x86.Build.0 = Debug|Win32
		{E9390264-DEE1-49B0-857E-AAD165DED70C}.Release|x64.ActiveCfg = Release|x64
		{E9390264-DEE1-49B0-857E-AAD165DED70C}.Release|x64.Build.0 = Release|x64
		{E9390264-DEE1-49B0-857E-AAD165DED70C}.Release|x86.ActiveCfg = Release|Win32
		{E9390264-DEE1-49B0-857E-AAD165DED70C}.Release|x86.Build.0 = Release|Win32
	EndGlobalSection
	GlobalSection(SolutionProperties) = preSolution
		HideSolutionNode = FALSE
	EndGlobalSection
	GlobalSection(ExtensibilityGlobals) = postSolution
		SolutionGuid = {4E8A0F93-228D-40FA-9049-C93A7C073DC9}
	EndGlobalSection
EndGlobal
