
Microsoft Visual Studio Solution File, Format Version 12.00
# Visual Studio Version 16
VisualStudioVersion = 16.0.32126.315
MinimumVisualStudioVersion = 10.0.40219.1
Project("{8BC9CEB8-8B4A-11D0-8D11-00A0C91BC942}") = "03_priorityqueue_3_update", "03_priorityqueue_3_update\03_priorityqueue_3_update.vcxproj", "{E004161D-0D25-4114-A757-4E6D468B8EBD}"
EndProject
Global
	GlobalSection(SolutionConfigurationPlatforms) = preSolution
		Debug|x64 = Debug|x64
		Debug|x86 = Debug|x86
		Release|x64 = Release|x64
		Release|x86 = Release|x86
	EndGlobalSection
	GlobalSection(ProjectConfigurationPlatforms) = postSolution
		{E004161D-0D25-4114-A757-4E6D468B8EBD}.Debug|x64.ActiveCfg = Debug|x64
		{E004161D-0D25-4114-A757-4E6D468B8EBD}.Debug|x64.Build.0 = Debug|x64
		{E004161D-0D25-4114-A757-4E6D468B8EBD}.Debug|x86.ActiveCfg = Debug|Win32
		{E004161D-0D25-4114-A757-4E6D468B8EBD}.Debug|x86.Build.0 = Debug|Win32
		{E004161D-0D25-4114-A757-4E6D468B8EBD}.Release|x64.ActiveCfg = Release|x64
		{E004161D-0D25-4114-A757-4E6D468B8EBD}.Release|x64.Build.0 = Release|x64
		{E004161D-0D25-4114-A757-4E6D468B8EBD}.Release|x86.ActiveCfg = Release|Win32
		{E004161D-0D25-4114-A757-4E6D468B8EBD}.Release|x86.Build.0 = Release|Win32
	EndGlobalSection
	GlobalSection(SolutionProperties) = preSolution
		HideSolutionNode = FALSE
	EndGlobalSection
	GlobalSection(ExtensibilityGlobals) = postSolution
		SolutionGuid = {DB96B240-4D49-4207-8267-C8AEA89F5F0A}
	EndGlobalSection
EndGlobal
