
Microsoft Visual Studio Solution File, Format Version 12.00
# Visual Studio Version 16
VisualStudioVersion = 16.0.32630.194
MinimumVisualStudioVersion = 10.0.40219.1
Project("{8BC9CEB8-8B4A-11D0-8D11-00A0C91BC942}") = "leetcode-1996", "leetcode-1996.vcxproj", "{60FE9258-91CF-42C8-B694-2594AE0BEC4D}"
EndProject
Global
	GlobalSection(SolutionConfigurationPlatforms) = preSolution
		Debug|x64 = Debug|x64
		Debug|x86 = Debug|x86
		Release|x64 = Release|x64
		Release|x86 = Release|x86
	EndGlobalSection
	GlobalSection(ProjectConfigurationPlatforms) = postSolution
		{60FE9258-91CF-42C8-B694-2594AE0BEC4D}.Debug|x64.ActiveCfg = Debug|x64
		{60FE9258-91CF-42C8-B694-2594AE0BEC4D}.Debug|x64.Build.0 = Debug|x64
		{60FE9258-91CF-42C8-B694-2594AE0BEC4D}.Debug|x86.ActiveCfg = Debug|Win32
		{60FE9258-91CF-42C8-B694-2594AE0BEC4D}.Debug|x86.Build.0 = Debug|Win32
		{60FE9258-91CF-42C8-B694-2594AE0BEC4D}.Release|x64.ActiveCfg = Release|x64
		{60FE9258-91CF-42C8-B694-2594AE0BEC4D}.Release|x64.Build.0 = Release|x64
		{60FE9258-91CF-42C8-B694-2594AE0BEC4D}.Release|x86.ActiveCfg = Release|Win32
		{60FE9258-91CF-42C8-B694-2594AE0BEC4D}.Release|x86.Build.0 = Release|Win32
	EndGlobalSection
	GlobalSection(SolutionProperties) = preSolution
		HideSolutionNode = FALSE
	EndGlobalSection
	GlobalSection(ExtensibilityGlobals) = postSolution
		SolutionGuid = {AA685F45-4F43-4934-AB25-BB0CE6EAA7C3}
	EndGlobalSection
EndGlobal
