
Microsoft Visual Studio Solution File, Format Version 12.00
# Visual Studio Version 16
VisualStudioVersion = 16.0.32413.511
MinimumVisualStudioVersion = 10.0.40219.1
Project("{8BC9CEB8-8B4A-11D0-8D11-00A0C91BC942}") = "boj-9470", "boj-9470.vcxproj", "{B0778E90-E2F1-47A9-BE4A-960E2B14B284}"
EndProject
Global
	GlobalSection(SolutionConfigurationPlatforms) = preSolution
		Debug|x64 = Debug|x64
		Debug|x86 = Debug|x86
		Release|x64 = Release|x64
		Release|x86 = Release|x86
	EndGlobalSection
	GlobalSection(ProjectConfigurationPlatforms) = postSolution
		{B0778E90-E2F1-47A9-BE4A-960E2B14B284}.Debug|x64.ActiveCfg = Debug|x64
		{B0778E90-E2F1-47A9-BE4A-960E2B14B284}.Debug|x64.Build.0 = Debug|x64
		{B0778E90-E2F1-47A9-BE4A-960E2B14B284}.Debug|x86.ActiveCfg = Debug|Win32
		{B0778E90-E2F1-47A9-BE4A-960E2B14B284}.Debug|x86.Build.0 = Debug|Win32
		{B0778E90-E2F1-47A9-BE4A-960E2B14B284}.Release|x64.ActiveCfg = Release|x64
		{B0778E90-E2F1-47A9-BE4A-960E2B14B284}.Release|x64.Build.0 = Release|x64
		{B0778E90-E2F1-47A9-BE4A-960E2B14B284}.Release|x86.ActiveCfg = Release|Win32
		{B0778E90-E2F1-47A9-BE4A-960E2B14B284}.Release|x86.Build.0 = Release|Win32
	EndGlobalSection
	GlobalSection(SolutionProperties) = preSolution
		HideSolutionNode = FALSE
	EndGlobalSection
	GlobalSection(ExtensibilityGlobals) = postSolution
		SolutionGuid = {39F81D73-CB61-425A-A4F0-DFBF85D17A03}
	EndGlobalSection
EndGlobal
