
Microsoft Visual Studio Solution File, Format Version 12.00
# Visual Studio Version 16
VisualStudioVersion = 16.0.32413.511
MinimumVisualStudioVersion = 10.0.40219.1
Project("{8BC9CEB8-8B4A-11D0-8D11-00A0C91BC942}") = "leetcode-576", "leetcode-576.vcxproj", "{E8546399-AEAC-4856-9F39-633241FC1F95}"
EndProject
Global
	GlobalSection(SolutionConfigurationPlatforms) = preSolution
		Debug|x64 = Debug|x64
		Debug|x86 = Debug|x86
		Release|x64 = Release|x64
		Release|x86 = Release|x86
	EndGlobalSection
	GlobalSection(ProjectConfigurationPlatforms) = postSolution
		{E8546399-AEAC-4856-9F39-633241FC1F95}.Debug|x64.ActiveCfg = Debug|x64
		{E8546399-AEAC-4856-9F39-633241FC1F95}.Debug|x64.Build.0 = Debug|x64
		{E8546399-AEAC-4856-9F39-633241FC1F95}.Debug|x86.ActiveCfg = Debug|Win32
		{E8546399-AEAC-4856-9F39-633241FC1F95}.Debug|x86.Build.0 = Debug|Win32
		{E8546399-AEAC-4856-9F39-633241FC1F95}.Release|x64.ActiveCfg = Release|x64
		{E8546399-AEAC-4856-9F39-633241FC1F95}.Release|x64.Build.0 = Release|x64
		{E8546399-AEAC-4856-9F39-633241FC1F95}.Release|x86.ActiveCfg = Release|Win32
		{E8546399-AEAC-4856-9F39-633241FC1F95}.Release|x86.Build.0 = Release|Win32
	EndGlobalSection
	GlobalSection(SolutionProperties) = preSolution
		HideSolutionNode = FALSE
	EndGlobalSection
	GlobalSection(ExtensibilityGlobals) = postSolution
		SolutionGuid = {9555DA09-3254-4D7A-A675-D3517BA37EB4}
	EndGlobalSection
EndGlobal
