
Microsoft Visual Studio Solution File, Format Version 12.00
# Visual Studio Version 16
VisualStudioVersion = 16.0.32106.194
MinimumVisualStudioVersion = 10.0.40219.1
Project("{8BC9CEB8-8B4A-11D0-8D11-00A0C91BC942}") = "swea-6855", "swea-6855\swea-6855.vcxproj", "{14EF162C-28F2-4037-B084-4956E6BFFAC8}"
EndProject
Global
	GlobalSection(SolutionConfigurationPlatforms) = preSolution
		Debug|x64 = Debug|x64
		Debug|x86 = Debug|x86
		Release|x64 = Release|x64
		Release|x86 = Release|x86
	EndGlobalSection
	GlobalSection(ProjectConfigurationPlatforms) = postSolution
		{14EF162C-28F2-4037-B084-4956E6BFFAC8}.Debug|x64.ActiveCfg = Debug|x64
		{14EF162C-28F2-4037-B084-4956E6BFFAC8}.Debug|x64.Build.0 = Debug|x64
		{14EF162C-28F2-4037-B084-4956E6BFFAC8}.Debug|x86.ActiveCfg = Debug|Win32
		{14EF162C-28F2-4037-B084-4956E6BFFAC8}.Debug|x86.Build.0 = Debug|Win32
		{14EF162C-28F2-4037-B084-4956E6BFFAC8}.Release|x64.ActiveCfg = Release|x64
		{14EF162C-28F2-4037-B084-4956E6BFFAC8}.Release|x64.Build.0 = Release|x64
		{14EF162C-28F2-4037-B084-4956E6BFFAC8}.Release|x86.ActiveCfg = Release|Win32
		{14EF162C-28F2-4037-B084-4956E6BFFAC8}.Release|x86.Build.0 = Release|Win32
	EndGlobalSection
	GlobalSection(SolutionProperties) = preSolution
		HideSolutionNode = FALSE
	EndGlobalSection
	GlobalSection(ExtensibilityGlobals) = postSolution
		SolutionGuid = {10572A97-C9BC-4E46-A210-1232B47101B0}
	EndGlobalSection
EndGlobal
