
Microsoft Visual Studio Solution File, Format Version 12.00
# Visual Studio Version 16
VisualStudioVersion = 16.0.32413.511
MinimumVisualStudioVersion = 10.0.40219.1
Project("{8BC9CEB8-8B4A-11D0-8D11-00A0C91BC942}") = "leetcode-380", "leetcode-380.vcxproj", "{F380CD9F-AA2B-4880-AB19-888D79656838}"
EndProject
Global
	GlobalSection(SolutionConfigurationPlatforms) = preSolution
		Debug|x64 = Debug|x64
		Debug|x86 = Debug|x86
		Release|x64 = Release|x64
		Release|x86 = Release|x86
	EndGlobalSection
	GlobalSection(ProjectConfigurationPlatforms) = postSolution
		{F380CD9F-AA2B-4880-AB19-888D79656838}.Debug|x64.ActiveCfg = Debug|x64
		{F380CD9F-AA2B-4880-AB19-888D79656838}.Debug|x64.Build.0 = Debug|x64
		{F380CD9F-AA2B-4880-AB19-888D79656838}.Debug|x86.ActiveCfg = Debug|Win32
		{F380CD9F-AA2B-4880-AB19-888D79656838}.Debug|x86.Build.0 = Debug|Win32
		{F380CD9F-AA2B-4880-AB19-888D79656838}.Release|x64.ActiveCfg = Release|x64
		{F380CD9F-AA2B-4880-AB19-888D79656838}.Release|x64.Build.0 = Release|x64
		{F380CD9F-AA2B-4880-AB19-888D79656838}.Release|x86.ActiveCfg = Release|Win32
		{F380CD9F-AA2B-4880-AB19-888D79656838}.Release|x86.Build.0 = Release|Win32
	EndGlobalSection
	GlobalSection(SolutionProperties) = preSolution
		HideSolutionNode = FALSE
	EndGlobalSection
	GlobalSection(ExtensibilityGlobals) = postSolution
		SolutionGuid = {789A03F7-8FE8-4A02-AD47-A9A4D5D4216E}
	EndGlobalSection
EndGlobal
