
Microsoft Visual Studio Solution File, Format Version 12.00
# Visual Studio Version 16
VisualStudioVersion = 16.0.32413.511
MinimumVisualStudioVersion = 10.0.40219.1
Project("{8BC9CEB8-8B4A-11D0-8D11-00A0C91BC942}") = "leetcode-287", "leetcode-287.vcxproj", "{CEA5E68F-39EC-4EE4-B0B8-FD7DFDC366FE}"
EndProject
Global
	GlobalSection(SolutionConfigurationPlatforms) = preSolution
		Debug|x64 = Debug|x64
		Debug|x86 = Debug|x86
		Release|x64 = Release|x64
		Release|x86 = Release|x86
	EndGlobalSection
	GlobalSection(ProjectConfigurationPlatforms) = postSolution
		{CEA5E68F-39EC-4EE4-B0B8-FD7DFDC366FE}.Debug|x64.ActiveCfg = Debug|x64
		{CEA5E68F-39EC-4EE4-B0B8-FD7DFDC366FE}.Debug|x64.Build.0 = Debug|x64
		{CEA5E68F-39EC-4EE4-B0B8-FD7DFDC366FE}.Debug|x86.ActiveCfg = Debug|Win32
		{CEA5E68F-39EC-4EE4-B0B8-FD7DFDC366FE}.Debug|x86.Build.0 = Debug|Win32
		{CEA5E68F-39EC-4EE4-B0B8-FD7DFDC366FE}.Release|x64.ActiveCfg = Release|x64
		{CEA5E68F-39EC-4EE4-B0B8-FD7DFDC366FE}.Release|x64.Build.0 = Release|x64
		{CEA5E68F-39EC-4EE4-B0B8-FD7DFDC366FE}.Release|x86.ActiveCfg = Release|Win32
		{CEA5E68F-39EC-4EE4-B0B8-FD7DFDC366FE}.Release|x86.Build.0 = Release|Win32
	EndGlobalSection
	GlobalSection(SolutionProperties) = preSolution
		HideSolutionNode = FALSE
	EndGlobalSection
	GlobalSection(ExtensibilityGlobals) = postSolution
		SolutionGuid = {BB279D7D-093D-413C-9D4E-E506636174FF}
	EndGlobalSection
EndGlobal
