
Microsoft Visual Studio Solution File, Format Version 12.00
# Visual Studio Version 16
VisualStudioVersion = 16.0.32413.511
MinimumVisualStudioVersion = 10.0.40219.1
Project("{8BC9CEB8-8B4A-11D0-8D11-00A0C91BC942}") = "boj-1605", "boj-1605.vcxproj", "{DCFB247D-E936-481C-B90E-BFA65B554890}"
EndProject
Global
	GlobalSection(SolutionConfigurationPlatforms) = preSolution
		Debug|x64 = Debug|x64
		Debug|x86 = Debug|x86
		Release|x64 = Release|x64
		Release|x86 = Release|x86
	EndGlobalSection
	GlobalSection(ProjectConfigurationPlatforms) = postSolution
		{DCFB247D-E936-481C-B90E-BFA65B554890}.Debug|x64.ActiveCfg = Debug|x64
		{DCFB247D-E936-481C-B90E-BFA65B554890}.Debug|x64.Build.0 = Debug|x64
		{DCFB247D-E936-481C-B90E-BFA65B554890}.Debug|x86.ActiveCfg = Debug|Win32
		{DCFB247D-E936-481C-B90E-BFA65B554890}.Debug|x86.Build.0 = Debug|Win32
		{DCFB247D-E936-481C-B90E-BFA65B554890}.Release|x64.ActiveCfg = Release|x64
		{DCFB247D-E936-481C-B90E-BFA65B554890}.Release|x64.Build.0 = Release|x64
		{DCFB247D-E936-481C-B90E-BFA65B554890}.Release|x86.ActiveCfg = Release|Win32
		{DCFB247D-E936-481C-B90E-BFA65B554890}.Release|x86.Build.0 = Release|Win32
	EndGlobalSection
	GlobalSection(SolutionProperties) = preSolution
		HideSolutionNode = FALSE
	EndGlobalSection
	GlobalSection(ExtensibilityGlobals) = postSolution
		SolutionGuid = {B3C06F04-74DE-4887-863C-9DABF53C2626}
	EndGlobalSection
EndGlobal
