
Microsoft Visual Studio Solution File, Format Version 12.00
# Visual Studio Version 16
VisualStudioVersion = 16.0.32126.315
MinimumVisualStudioVersion = 10.0.40219.1
Project("{8BC9CEB8-8B4A-11D0-8D11-00A0C91BC942}") = "boj-17135", "boj-17135\boj-17135.vcxproj", "{00616D01-A05D-48D6-B641-1F8AC8E83639}"
EndProject
Global
	GlobalSection(SolutionConfigurationPlatforms) = preSolution
		Debug|x64 = Debug|x64
		Debug|x86 = Debug|x86
		Release|x64 = Release|x64
		Release|x86 = Release|x86
	EndGlobalSection
	GlobalSection(ProjectConfigurationPlatforms) = postSolution
		{00616D01-A05D-48D6-B641-1F8AC8E83639}.Debug|x64.ActiveCfg = Debug|x64
		{00616D01-A05D-48D6-B641-1F8AC8E83639}.Debug|x64.Build.0 = Debug|x64
		{00616D01-A05D-48D6-B641-1F8AC8E83639}.Debug|x86.ActiveCfg = Debug|Win32
		{00616D01-A05D-48D6-B641-1F8AC8E83639}.Debug|x86.Build.0 = Debug|Win32
		{00616D01-A05D-48D6-B641-1F8AC8E83639}.Release|x64.ActiveCfg = Release|x64
		{00616D01-A05D-48D6-B641-1F8AC8E83639}.Release|x64.Build.0 = Release|x64
		{00616D01-A05D-48D6-B641-1F8AC8E83639}.Release|x86.ActiveCfg = Release|Win32
		{00616D01-A05D-48D6-B641-1F8AC8E83639}.Release|x86.Build.0 = Release|Win32
	EndGlobalSection
	GlobalSection(SolutionProperties) = preSolution
		HideSolutionNode = FALSE
	EndGlobalSection
	GlobalSection(ExtensibilityGlobals) = postSolution
		SolutionGuid = {4E835736-3CEE-4DAD-8226-BBC9021D366B}
	EndGlobalSection
EndGlobal
