
Microsoft Visual Studio Solution File, Format Version 12.00
# Visual Studio Version 16
VisualStudioVersion = 16.0.32413.511
MinimumVisualStudioVersion = 10.0.40219.1
Project("{8BC9CEB8-8B4A-11D0-8D11-00A0C91BC942}") = "leetcode-814", "leetcode-814.vcxproj", "{38696E95-1335-42A0-B9C1-451E75F2FEF8}"
EndProject
Global
	GlobalSection(SolutionConfigurationPlatforms) = preSolution
		Debug|x64 = Debug|x64
		Debug|x86 = Debug|x86
		Release|x64 = Release|x64
		Release|x86 = Release|x86
	EndGlobalSection
	GlobalSection(ProjectConfigurationPlatforms) = postSolution
		{38696E95-1335-42A0-B9C1-451E75F2FEF8}.Debug|x64.ActiveCfg = Debug|x64
		{38696E95-1335-42A0-B9C1-451E75F2FEF8}.Debug|x64.Build.0 = Debug|x64
		{38696E95-1335-42A0-B9C1-451E75F2FEF8}.Debug|x86.ActiveCfg = Debug|Win32
		{38696E95-1335-42A0-B9C1-451E75F2FEF8}.Debug|x86.Build.0 = Debug|Win32
		{38696E95-1335-42A0-B9C1-451E75F2FEF8}.Release|x64.ActiveCfg = Release|x64
		{38696E95-1335-42A0-B9C1-451E75F2FEF8}.Release|x64.Build.0 = Release|x64
		{38696E95-1335-42A0-B9C1-451E75F2FEF8}.Release|x86.ActiveCfg = Release|Win32
		{38696E95-1335-42A0-B9C1-451E75F2FEF8}.Release|x86.Build.0 = Release|Win32
	EndGlobalSection
	GlobalSection(SolutionProperties) = preSolution
		HideSolutionNode = FALSE
	EndGlobalSection
	GlobalSection(ExtensibilityGlobals) = postSolution
		SolutionGuid = {19CC6797-51B3-4A56-8501-A732B4084BDB}
	EndGlobalSection
EndGlobal
